
Microsoft Visual Studio Solution File, Format Version 9.00
# Visual Studio 2005
Project("{8BC9CEB8-8B4A-11D0-8D11-00A0C91BC942}") = "SimpleProtocolServer2", "SimpleProtocolServer2.2005.vcproj", "{3D4236E7-0E08-4139-8648-FE2429986896}"
	ProjectSection(ProjectDependencies) = postProject
		{64BB62E8-17FC-4C0D-B410-C59DDBE84D92} = {64BB62E8-17FC-4C0D-B410-C59DDBE84D92}
	EndProjectSection
EndProject
Project("{8BC9CEB8-8B4A-11D0-8D11-00A0C91BC942}") = "Test", "..\Test\Test.2005.vcproj", "{638260D6-C70B-43FA-A109-05205AAC5956}"
	ProjectSection(ProjectDependencies) = postProject
		{3D4236E7-0E08-4139-8648-FE2429986896} = {3D4236E7-0E08-4139-8648-FE2429986896}
	EndProjectSection
EndProject
Project("{8BC9CEB8-8B4A-11D0-8D11-00A0C91BC942}") = "Win32Tools", "..\JetByteTools\Win32Tools\Win32Tools.2005.vcproj", "{64BB62E8-17FC-4C0D-B410-C59DDBE84D92}"
EndProject
Global
	GlobalSection(SolutionConfigurationPlatforms) = preSolution
		Debug|Win32 = Debug|Win32
		Release|Win32 = Release|Win32
		Unicode Debug|Win32 = Unicode Debug|Win32
		Unicode Release|Win32 = Unicode Release|Win32
	EndGlobalSection
	GlobalSection(ProjectConfigurationPlatforms) = postSolution
		{3D4236E7-0E08-4139-8648-FE2429986896}.Debug|Win32.ActiveCfg = Debug|Win32
		{3D4236E7-0E08-4139-8648-FE2429986896}.Debug|Win32.Build.0 = Debug|Win32
		{3D4236E7-0E08-4139-8648-FE2429986896}.Release|Win32.ActiveCfg = Release|Win32
		{3D4236E7-0E08-4139-8648-FE2429986896}.Release|Win32.Build.0 = Release|Win32
		{3D4236E7-0E08-4139-8648-FE2429986896}.Unicode Debug|Win32.ActiveCfg = Unicode Debug|Win32
		{3D4236E7-0E08-4139-8648-FE2429986896}.Unicode Debug|Win32.Build.0 = Unicode Debug|Win32
		{3D4236E7-0E08-4139-8648-FE2429986896}.Unicode Release|Win32.ActiveCfg = Unicode Release|Win32
		{3D4236E7-0E08-4139-8648-FE2429986896}.Unicode Release|Win32.Build.0 = Unicode Release|Win32
		{638260D6-C70B-43FA-A109-05205AAC5956}.Debug|Win32.ActiveCfg = Debug|Win32
		{638260D6-C70B-43FA-A109-05205AAC5956}.Debug|Win32.Build.0 = Debug|Win32
		{638260D6-C70B-43FA-A109-05205AAC5956}.Release|Win32.ActiveCfg = Release|Win32
		{638260D6-C70B-43FA-A109-05205AAC5956}.Release|Win32.Build.0 = Release|Win32
		{638260D6-C70B-43FA-A109-05205AAC5956}.Unicode Debug|Win32.ActiveCfg = Unicode Debug|Win32
		{638260D6-C70B-43FA-A109-05205AAC5956}.Unicode Debug|Win32.Build.0 = Unicode Debug|Win32
		{638260D6-C70B-43FA-A109-05205AAC5956}.Unicode Release|Win32.ActiveCfg = Unicode Release|Win32
		{638260D6-C70B-43FA-A109-05205AAC5956}.Unicode Release|Win32.Build.0 = Unicode Release|Win32
		{64BB62E8-17FC-4C0D-B410-C59DDBE84D92}.Debug|Win32.ActiveCfg = Debug|Win32
		{64BB62E8-17FC-4C0D-B410-C59DDBE84D92}.Debug|Win32.Build.0 = Debug|Win32
		{64BB62E8-17FC-4C0D-B410-C59DDBE84D92}.Release|Win32.ActiveCfg = Release|Win32
		{64BB62E8-17FC-4C0D-B410-C59DDBE84D92}.Release|Win32.Build.0 = Release|Win32
		{64BB62E8-17FC-4C0D-B410-C59DDBE84D92}.Unicode Debug|Win32.ActiveCfg = Unicode Debug|Win32
		{64BB62E8-17FC-4C0D-B410-C59DDBE84D92}.Unicode Debug|Win32.Build.0 = Unicode Debug|Win32
		{64BB62E8-17FC-4C0D-B410-C59DDBE84D92}.Unicode Release|Win32.ActiveCfg = Unicode Release|Win32
		{64BB62E8-17FC-4C0D-B410-C59DDBE84D92}.Unicode Release|Win32.Build.0 = Unicode Release|Win32
	EndGlobalSection
	GlobalSection(SolutionProperties) = preSolution
		HideSolutionNode = FALSE
	EndGlobalSection
EndGlobal
